<?xml version="1.0" encoding="utf-8"?>
<Project ToolsVersion="4.0" xmlns="http://schemas.microsoft.com/developer/msbuild/2003">
  <ItemGroup>
    <Filter Include="Source Files">
      <UniqueIdentifier>{4FC737F1-C7A5-4376-A066-2A32D752A2FF}</UniqueIdentifier>
      <Extensions>cpp;c;cc;cxx;def;odl;idl;hpj;bat;asm;asmx</Extensions>
    </Filter>
    <Filter Include="Resource Files">
      <UniqueIdentifier>{67DA6AB6-F800-4c08-8B7A-83BB121AAD01}</UniqueIdentifier>
      <Extensions>rc;ico;cur;bmp;dlg;rc2;rct;bin;rgs;gif;jpg;jpeg;jpe;resx;tiff;tif;png;wav;mfcribbon-ms</Extensions>
    </Filter>
    <Filter Include="Source Files\Utils">
      <UniqueIdentifier>{206e7c79-c50a-4c01-8160-18aab171d38e}</UniqueIdentifier>
    </Filter>
    <Filter Include="Source Files\Characters">
      <UniqueIdentifier>{97c750d4-8e51-41db-bc5a-5dfacc4a4dbc}</UniqueIdentifier>
    </Filter>
    <Filter Include="Source Files\Object stuff">
      <UniqueIdentifier>{971ff6ec-82ae-4837-8706-f31e6296a39c}</UniqueIdentifier>
    </Filter>
    <Filter Include="Source Files\Camera">
      <UniqueIdentifier>{94648373-8591-4dbb-b032-fc153b4dd2d9}</UniqueIdentifier>
    </Filter>
    <Filter Include="Source Files\Input">
      <UniqueIdentifier>{76b9bedf-9d62-4dcd-bf9e-82e3e6e55dab}</UniqueIdentifier>
    </Filter>
    <Filter Include="Source Files\RenderStuff">
      <UniqueIdentifier>{e95e59c5-527d-475e-92c8-6667e1548d50}</UniqueIdentifier>
    </Filter>
    <Filter Include="Source Files\Object stuff\Meshes">
      <UniqueIdentifier>{2ad17e0a-696d-4414-8523-91ca2bad8aa5}</UniqueIdentifier>
    </Filter>
    <Filter Include="Source Files\Object stuff\Objects">
      <UniqueIdentifier>{79801307-4ace-4fd0-a7c1-974fe9242cff}</UniqueIdentifier>
    </Filter>
    <Filter Include="Source Files\Object stuff\Meshes\Base">
      <UniqueIdentifier>{3be9c6c5-86ab-4191-9b6d-8059e1bf80a0}</UniqueIdentifier>
    </Filter>
    <Filter Include="Source Files\Object stuff\Meshes\Derived">
      <UniqueIdentifier>{01870f50-96a6-4c75-835f-c8388a236143}</UniqueIdentifier>
    </Filter>
    <Filter Include="Source Files\Object stuff\Objects\Base">
      <UniqueIdentifier>{6f9da654-0bc9-4807-9420-9b8df349f95a}</UniqueIdentifier>
    </Filter>
    <Filter Include="Source Files\Object stuff\Objects\Derived">
      <UniqueIdentifier>{a4d15701-476c-4d2d-a00a-ce1435f10e84}</UniqueIdentifier>
    </Filter>
  </ItemGroup>
  <ItemGroup>
    <ClCompile Include="main.cpp">
      <Filter>Source Files</Filter>
    </ClCompile>
    <ClCompile Include="Renderer.cpp">
      <Filter>Source Files\RenderStuff</Filter>
    </ClCompile>
    <ClCompile Include="MasterRenderer.cpp">
      <Filter>Source Files\RenderStuff</Filter>
    </ClCompile>
    <ClCompile Include="VertexBufferInfo.cpp">
      <Filter>Source Files\Object stuff</Filter>
    </ClCompile>
    <ClCompile Include="ShaderLoader.cpp">
      <Filter>Source Files\Utils</Filter>
    </ClCompile>
    <ClCompile Include="GameManager.cpp">
      <Filter>Source Files</Filter>
    </ClCompile>
    <ClCompile Include="Snek.cpp">
      <Filter>Source Files\Characters</Filter>
    </ClCompile>
    <ClCompile Include="Camera.cpp">
      <Filter>Source Files\Camera</Filter>
    </ClCompile>
    <ClCompile Include="clock.cpp">
      <Filter>Source Files\Utils</Filter>
    </ClCompile>
    <ClCompile Include="Shader.cpp">
      <Filter>Source Files\RenderStuff</Filter>
    </ClCompile>
    <ClCompile Include="Texture.cpp">
      <Filter>Source Files\RenderStuff</Filter>
    </ClCompile>
    <ClCompile Include="TextLabel.cpp">
      <Filter>Source Files\Object stuff</Filter>
    </ClCompile>
    <ClCompile Include="InputManager.cpp">
      <Filter>Source Files\Input</Filter>
    </ClCompile>
    <ClCompile Include="Mesh.cpp">
      <Filter>Source Files\Object stuff\Meshes\Base</Filter>
    </ClCompile>
    <ClCompile Include="SphereMesh.cpp">
      <Filter>Source Files\Object stuff\Meshes\Derived</Filter>
    </ClCompile>
    <ClCompile Include="Object.cpp">
      <Filter>Source Files\Object stuff\Objects\Base</Filter>
    </ClCompile>
    <ClCompile Include="SnekPart.cpp">
      <Filter>Source Files\Object stuff\Objects\Derived</Filter>
    </ClCompile>
    <ClCompile Include="Boid.cpp">
      <Filter>Source Files\Characters</Filter>
    </ClCompile>
    <ClCompile Include="CubeMap.cpp">
      <Filter>Source Files\Object stuff\Objects</Filter>
    </ClCompile>
    <ClCompile Include="Model.cpp">
      <Filter>Source Files\Object stuff\Objects\Base</Filter>
    </ClCompile>
    <ClCompile Include="ModelMesh.cpp">
      <Filter>Source Files\Object stuff\Meshes\Base</Filter>
    </ClCompile>
    <ClCompile Include="PlayerTank.cpp">
      <Filter>Source Files\Characters</Filter>
    </ClCompile>
    <ClCompile Include="Bullet.cpp">
      <Filter>Source Files\Characters</Filter>
    </ClCompile>
    <ClCompile Include="TerrainMesh.cpp">
      <Filter>Source Files\Object stuff\Meshes\Base</Filter>
    </ClCompile>
    <ClCompile Include="Terrain.cpp">
      <Filter>Source Files\Object stuff\Objects\Base</Filter>
    </ClCompile>
    <ClCompile Include="FastNoise.cpp">
      <Filter>Source Files\Utils</Filter>
    </ClCompile>
  </ItemGroup>
  <ItemGroup>
    <ClInclude Include="Snek.h">
      <Filter>Source Files\Characters</Filter>
    </ClInclude>
    <ClInclude Include="VertexBufferInfo.h">
      <Filter>Source Files\Object stuff</Filter>
    </ClInclude>
    <ClInclude Include="MasterRenderer.h">
      <Filter>Source Files\RenderStuff</Filter>
    </ClInclude>
    <ClInclude Include="Renderer.h">
      <Filter>Source Files\RenderStuff</Filter>
    </ClInclude>
    <ClInclude Include="Debug.h">
      <Filter>Source Files\Utils</Filter>
    </ClInclude>
    <ClInclude Include="Math.h">
      <Filter>Source Files\Utils</Filter>
    </ClInclude>
    <ClInclude Include="Obj.h">
      <Filter>Source Files\Utils</Filter>
    </ClInclude>
    <ClInclude Include="ShaderLoader.h">
      <Filter>Source Files\Utils</Filter>
    </ClInclude>
    <ClInclude Include="Utils.h">
      <Filter>Source Files\Utils</Filter>
    </ClInclude>
    <ClInclude Include="GameManager.h">
      <Filter>Source Files</Filter>
    </ClInclude>
    <ClInclude Include="Camera.h">
      <Filter>Source Files\Camera</Filter>
    </ClInclude>
    <ClInclude Include="clock.h">
      <Filter>Source Files\Utils</Filter>
    </ClInclude>
    <ClInclude Include="Shader.h">
      <Filter>Source Files\RenderStuff</Filter>
    </ClInclude>
    <ClInclude Include="Texture.h">
      <Filter>Source Files\RenderStuff</Filter>
    </ClInclude>
    <ClInclude Include="TextLabel.h">
      <Filter>Source Files\Object stuff</Filter>
    </ClInclude>
    <ClInclude Include="InputManager.h">
      <Filter>Source Files\Input</Filter>
    </ClInclude>
    <ClInclude Include="Input.h">
      <Filter>Source Files\Input</Filter>
    </ClInclude>
    <ClInclude Include="Mesh.h">
      <Filter>Source Files\Object stuff\Meshes\Base</Filter>
    </ClInclude>
    <ClInclude Include="SphereMesh.h">
      <Filter>Source Files\Object stuff\Meshes\Derived</Filter>
    </ClInclude>
    <ClInclude Include="Object.h">
      <Filter>Source Files\Object stuff\Objects\Base</Filter>
    </ClInclude>
    <ClInclude Include="SnekPart.h">
      <Filter>Source Files\Object stuff\Objects\Derived</Filter>
    </ClInclude>
    <ClInclude Include="Boid.h">
      <Filter>Source Files\Characters</Filter>
    </ClInclude>
    <ClInclude Include="CubeMap.h">
      <Filter>Source Files\Object stuff\Objects</Filter>
    </ClInclude>
    <ClInclude Include="Model.h">
      <Filter>Source Files\Object stuff\Objects\Base</Filter>
    </ClInclude>
    <ClInclude Include="ModelMesh.h">
      <Filter>Source Files\Object stuff\Meshes\Base</Filter>
    </ClInclude>
    <ClInclude Include="PlayerTank.h">
      <Filter>Source Files\Characters</Filter>
    </ClInclude>
    <ClInclude Include="Bullet.h">
      <Filter>Source Files\Characters</Filter>
    </ClInclude>
    <ClInclude Include="TerrainMesh.h">
      <Filter>Source Files\Object stuff\Meshes\Base</Filter>
    </ClInclude>
    <ClInclude Include="Terrain.h">
      <Filter>Source Files\Object stuff\Objects\Base</Filter>
    </ClInclude>
    <ClInclude Include="FastNoise.h">
      <Filter>Source Files\Utils</Filter>
    </ClInclude>
  </ItemGroup>
</Project>